
Microsoft Visual Studio Solution File, Format Version 12.00
# Visual Studio Version 16
VisualStudioVersion = 16.0.33801.447
MinimumVisualStudioVersion = 10.0.40219.1
Project("{C9674DCB-5085-4A16-B785-4C70DD1589BD}") = "exportToExcel", "exportToExcel\exportToExcel.dtproj", "{A56E16C1-854B-4380-8242-5A74D1204DCA}"
EndProject
Global
	GlobalSection(SolutionConfigurationPlatforms) = preSolution
		Development|Default = Development|Default
	EndGlobalSection
	GlobalSection(ProjectConfigurationPlatforms) = postSolution
		{A56E16C1-854B-4380-8242-5A74D1204DCA}.Development|Default.ActiveCfg = Development
		{A56E16C1-854B-4380-8242-5A74D1204DCA}.Development|Default.Build.0 = Development
	EndGlobalSection
	GlobalSection(SolutionProperties) = preSolution
		HideSolutionNode = FALSE
	EndGlobalSection
	GlobalSection(ExtensibilityGlobals) = postSolution
		SolutionGuid = {9F687251-FBBA-4981-B215-5605B200AF1E}
	EndGlobalSection
EndGlobal
